// !$*UTF8*$!
{
	archiveVersion = 1;
	classes = {
	};
	objectVersion = 48;
	objects = {

/* Begin PBXBuildFile section */
		830DB6EE1FA7AE9800B19899 /* AccountCreationViewController.swift in Sources */ = {isa = PBXBuildFile; fileRef = 830DB6ED1FA7AE9800B19899 /* AccountCreationViewController.swift */; };
		830DB6EF1FA7B56E00B19899 /* GoogleService-Info.plist in Resources */ = {isa = PBXBuildFile; fileRef = 830DB6EC1FA7A59A00B19899 /* GoogleService-Info.plist */; };
		830DB6F11FA7B77300B19899 /* LoginViewController.swift in Sources */ = {isa = PBXBuildFile; fileRef = 830DB6F01FA7B77300B19899 /* LoginViewController.swift */; };
		830DB6F31FA8026400B19899 /* HomeViewController.swift in Sources */ = {isa = PBXBuildFile; fileRef = 830DB6F21FA8026400B19899 /* HomeViewController.swift */; };
		9AB92ACBE83F36A99463F56C /* Pods_RestaurantRoullette.framework in Frameworks */ = {isa = PBXBuildFile; fileRef = DA5955302D996D01058674EB /* Pods_RestaurantRoullette.framework */; };
		CB7DB5771FA55911009061E2 /* AppDelegate.swift in Sources */ = {isa = PBXBuildFile; fileRef = CB7DB5761FA55911009061E2 /* AppDelegate.swift */; };
		CB7DB5791FA55911009061E2 /* ViewController.swift in Sources */ = {isa = PBXBuildFile; fileRef = CB7DB5781FA55911009061E2 /* ViewController.swift */; };
		CB7DB57C1FA55911009061E2 /* Main.storyboard in Resources */ = {isa = PBXBuildFile; fileRef = CB7DB57A1FA55911009061E2 /* Main.storyboard */; };
		CB7DB57F1FA55911009061E2 /* RestaurantRoullette.xcdatamodeld in Sources */ = {isa = PBXBuildFile; fileRef = CB7DB57D1FA55911009061E2 /* RestaurantRoullette.xcdatamodeld */; };
		CB7DB5811FA55911009061E2 /* Assets.xcassets in Resources */ = {isa = PBXBuildFile; fileRef = CB7DB5801FA55911009061E2 /* Assets.xcassets */; };
		CB7DB5841FA55911009061E2 /* LaunchScreen.storyboard in Resources */ = {isa = PBXBuildFile; fileRef = CB7DB5821FA55911009061E2 /* LaunchScreen.storyboard */; };
/* End PBXBuildFile section */

/* Begin PBXFileReference section */
		023BE3A1D79CA11D07B4672A /* Pods-RestaurantRoullette.release.xcconfig */ = {isa = PBXFileReference; includeInIndex = 1; lastKnownFileType = text.xcconfig; name = "Pods-RestaurantRoullette.release.xcconfig"; path = "Pods/Target Support Files/Pods-RestaurantRoullette/Pods-RestaurantRoullette.release.xcconfig"; sourceTree = "<group>"; };
		54D2BEA65C6700C332DCD693 /* Pods-RestaurantRoullette.debug.xcconfig */ = {isa = PBXFileReference; includeInIndex = 1; lastKnownFileType = text.xcconfig; name = "Pods-RestaurantRoullette.debug.xcconfig"; path = "Pods/Target Support Files/Pods-RestaurantRoullette/Pods-RestaurantRoullette.debug.xcconfig"; sourceTree = "<group>"; };
		830DB6EC1FA7A59A00B19899 /* GoogleService-Info.plist */ = {isa = PBXFileReference; lastKnownFileType = text.plist.xml; path = "GoogleService-Info.plist"; sourceTree = "<group>"; };
		830DB6ED1FA7AE9800B19899 /* AccountCreationViewController.swift */ = {isa = PBXFileReference; lastKnownFileType = sourcecode.swift; path = AccountCreationViewController.swift; sourceTree = "<group>"; };
		830DB6F01FA7B77300B19899 /* LoginViewController.swift */ = {isa = PBXFileReference; lastKnownFileType = sourcecode.swift; path = LoginViewController.swift; sourceTree = "<group>"; };
		830DB6F21FA8026400B19899 /* HomeViewController.swift */ = {isa = PBXFileReference; lastKnownFileType = sourcecode.swift; path = HomeViewController.swift; sourceTree = "<group>"; };
		CB7DB5731FA55911009061E2 /* RestaurantRoullette.app */ = {isa = PBXFileReference; explicitFileType = wrapper.application; includeInIndex = 0; path = RestaurantRoullette.app; sourceTree = BUILT_PRODUCTS_DIR; };
		CB7DB5761FA55911009061E2 /* AppDelegate.swift */ = {isa = PBXFileReference; lastKnownFileType = sourcecode.swift; path = AppDelegate.swift; sourceTree = "<group>"; };
		CB7DB5781FA55911009061E2 /* ViewController.swift */ = {isa = PBXFileReference; lastKnownFileType = sourcecode.swift; path = ViewController.swift; sourceTree = "<group>"; };
		CB7DB57B1FA55911009061E2 /* Base */ = {isa = PBXFileReference; lastKnownFileType = file.storyboard; name = Base; path = Base.lproj/Main.storyboard; sourceTree = "<group>"; };
		CB7DB57E1FA55911009061E2 /* RestaurantRoullette.xcdatamodel */ = {isa = PBXFileReference; lastKnownFileType = wrapper.xcdatamodel; path = RestaurantRoullette.xcdatamodel; sourceTree = "<group>"; };
		CB7DB5801FA55911009061E2 /* Assets.xcassets */ = {isa = PBXFileReference; lastKnownFileType = folder.assetcatalog; path = Assets.xcassets; sourceTree = "<group>"; };
		CB7DB5831FA55911009061E2 /* Base */ = {isa = PBXFileReference; lastKnownFileType = file.storyboard; name = Base; path = Base.lproj/LaunchScreen.storyboard; sourceTree = "<group>"; };
		CB7DB5851FA55911009061E2 /* Info.plist */ = {isa = PBXFileReference; lastKnownFileType = text.plist.xml; path = Info.plist; sourceTree = "<group>"; };
		DA5955302D996D01058674EB /* Pods_RestaurantRoullette.framework */ = {isa = PBXFileReference; explicitFileType = wrapper.framework; includeInIndex = 0; path = Pods_RestaurantRoullette.framework; sourceTree = BUILT_PRODUCTS_DIR; };
/* End PBXFileReference section */

/* Begin PBXFrameworksBuildPhase section */
		CB7DB5701FA55911009061E2 /* Frameworks */ = {
			isa = PBXFrameworksBuildPhase;
			buildActionMask = 2147483647;
			files = (
				9AB92ACBE83F36A99463F56C /* Pods_RestaurantRoullette.framework in Frameworks */,
			);
			runOnlyForDeploymentPostprocessing = 0;
		};
/* End PBXFrameworksBuildPhase section */

/* Begin PBXGroup section */
		1208CDF881B987E9647CBE52 /* Frameworks */ = {
			isa = PBXGroup;
			children = (
				DA5955302D996D01058674EB /* Pods_RestaurantRoullette.framework */,
			);
			name = Frameworks;
			sourceTree = "<group>";
		};
		60CB691D5173362468660F3E /* Pods */ = {
			isa = PBXGroup;
			children = (
				54D2BEA65C6700C332DCD693 /* Pods-RestaurantRoullette.debug.xcconfig */,
				023BE3A1D79CA11D07B4672A /* Pods-RestaurantRoullette.release.xcconfig */,
			);
			name = Pods;
			sourceTree = "<group>";
		};
		CB7DB56A1FA55911009061E2 = {
			isa = PBXGroup;
			children = (
				CB7DB5751FA55911009061E2 /* RestaurantRoullette */,
				CB7DB5741FA55911009061E2 /* Products */,
				60CB691D5173362468660F3E /* Pods */,
				1208CDF881B987E9647CBE52 /* Frameworks */,
			);
			sourceTree = "<group>";
		};
		CB7DB5741FA55911009061E2 /* Products */ = {
			isa = PBXGroup;
			children = (
				CB7DB5731FA55911009061E2 /* RestaurantRoullette.app */,
			);
			name = Products;
			sourceTree = "<group>";
		};
		CB7DB5751FA55911009061E2 /* RestaurantRoullette */ = {
			isa = PBXGroup;
			children = (
				CB7DB5761FA55911009061E2 /* AppDelegate.swift */,
				CB7DB5781FA55911009061E2 /* ViewController.swift */,
				CB7DB57A1FA55911009061E2 /* Main.storyboard */,
				830DB6F21FA8026400B19899 /* HomeViewController.swift */,
				830DB6F01FA7B77300B19899 /* LoginViewController.swift */,
				830DB6ED1FA7AE9800B19899 /* AccountCreationViewController.swift */,
				CB7DB5801FA55911009061E2 /* Assets.xcassets */,
				CB7DB5821FA55911009061E2 /* LaunchScreen.storyboard */,
				CB7DB5851FA55911009061E2 /* Info.plist */,
				CB7DB57D1FA55911009061E2 /* RestaurantRoullette.xcdatamodeld */,
				830DB6EC1FA7A59A00B19899 /* GoogleService-Info.plist */,
			);
			path = RestaurantRoullette;
			sourceTree = "<group>";
		};
/* End PBXGroup section */

/* Begin PBXNativeTarget section */
		CB7DB5721FA55911009061E2 /* RestaurantRoullette */ = {
			isa = PBXNativeTarget;
			buildConfigurationList = CB7DB5881FA55911009061E2 /* Build configuration list for PBXNativeTarget "RestaurantRoullette" */;
			buildPhases = (
				308717A2DE67F8565D3F4EB1 /* [CP] Check Pods Manifest.lock */,
				CB7DB56F1FA55911009061E2 /* Sources */,
				CB7DB5701FA55911009061E2 /* Frameworks */,
				CB7DB5711FA55911009061E2 /* Resources */,
				D209B52F8A552221DA90F71D /* [CP] Embed Pods Frameworks */,
				32587567F6694CDFA9DCBAC6 /* [CP] Copy Pods Resources */,
			);
			buildRules = (
			);
			dependencies = (
			);
			name = RestaurantRoullette;
			productName = RestaurantRoullette;
			productReference = CB7DB5731FA55911009061E2 /* RestaurantRoullette.app */;
			productType = "com.apple.product-type.application";
		};
/* End PBXNativeTarget section */

/* Begin PBXProject section */
		CB7DB56B1FA55911009061E2 /* Project object */ = {
			isa = PBXProject;
			attributes = {
				LastSwiftUpdateCheck = 0900;
				LastUpgradeCheck = 0900;
				ORGANIZATIONNAME = cs378;
				TargetAttributes = {
					CB7DB5721FA55911009061E2 = {
						CreatedOnToolsVersion = 9.0.1;
						ProvisioningStyle = Automatic;
					};
				};
			};
			buildConfigurationList = CB7DB56E1FA55911009061E2 /* Build configuration list for PBXProject "RestaurantRoullette" */;
			compatibilityVersion = "Xcode 8.0";
			developmentRegion = en;
			hasScannedForEncodings = 0;
			knownRegions = (
				en,
				Base,
			);
			mainGroup = CB7DB56A1FA55911009061E2;
			productRefGroup = CB7DB5741FA55911009061E2 /* Products */;
			projectDirPath = "";
			projectRoot = "";
			targets = (
				CB7DB5721FA55911009061E2 /* RestaurantRoullette */,
			);
		};
/* End PBXProject section */

/* Begin PBXResourcesBuildPhase section */
		CB7DB5711FA55911009061E2 /* Resources */ = {
			isa = PBXResourcesBuildPhase;
			buildActionMask = 2147483647;
			files = (
				CB7DB5841FA55911009061E2 /* LaunchScreen.storyboard in Resources */,
				830DB6EF1FA7B56E00B19899 /* GoogleService-Info.plist in Resources */,
				CB7DB5811FA55911009061E2 /* Assets.xcassets in Resources */,
				CB7DB57C1FA55911009061E2 /* Main.storyboard in Resources */,
			);
			runOnlyForDeploymentPostprocessing = 0;
		};
/* End PBXResourcesBuildPhase section */

/* Begin PBXShellScriptBuildPhase section */
		308717A2DE67F8565D3F4EB1 /* [CP] Check Pods Manifest.lock */ = {
			isa = PBXShellScriptBuildPhase;
			buildActionMask = 2147483647;
			files = (
			);
			inputPaths = (
				"${PODS_PODFILE_DIR_PATH}/Podfile.lock",
				"${PODS_ROOT}/Manifest.lock",
			);
			name = "[CP] Check Pods Manifest.lock";
			outputPaths = (
				"$(DERIVED_FILE_DIR)/Pods-RestaurantRoullette-checkManifestLockResult.txt",
			);
			runOnlyForDeploymentPostprocessing = 0;
			shellPath = /bin/sh;
			shellScript = "diff \"${PODS_PODFILE_DIR_PATH}/Podfile.lock\" \"${PODS_ROOT}/Manifest.lock\" > /dev/null\nif [ $? != 0 ] ; then\n    # print error to STDERR\n    echo \"error: The sandbox is not in sync with the Podfile.lock. Run 'pod install' or update your CocoaPods installation.\" >&2\n    exit 1\nfi\n# This output is used by Xcode 'outputs' to avoid re-running this script phase.\necho \"SUCCESS\" > \"${SCRIPT_OUTPUT_FILE_0}\"\n";
			showEnvVarsInLog = 0;
		};
		32587567F6694CDFA9DCBAC6 /* [CP] Copy Pods Resources */ = {
			isa = PBXShellScriptBuildPhase;
			buildActionMask = 2147483647;
			files = (
			);
			inputPaths = (
			);
			name = "[CP] Copy Pods Resources";
			outputPaths = (
			);
			runOnlyForDeploymentPostprocessing = 0;
			shellPath = /bin/sh;
			shellScript = "\"${SRCROOT}/Pods/Target Support Files/Pods-RestaurantRoullette/Pods-RestaurantRoullette-resources.sh\"\n";
			showEnvVarsInLog = 0;
		};
		D209B52F8A552221DA90F71D /* [CP] Embed Pods Frameworks */ = {
			isa = PBXShellScriptBuildPhase;
			buildActionMask = 2147483647;
			files = (
			);
			inputPaths = (
				"${SRCROOT}/Pods/Target Support Files/Pods-RestaurantRoullette/Pods-RestaurantRoullette-frameworks.sh",
				"${BUILT_PRODUCTS_DIR}/GTMSessionFetcher/GTMSessionFetcher.framework",
				"${BUILT_PRODUCTS_DIR}/GoogleToolboxForMac/GoogleToolboxForMac.framework",
				"${BUILT_PRODUCTS_DIR}/leveldb-library/leveldb.framework",
				"${BUILT_PRODUCTS_DIR}/nanopb/nanopb.framework",
			);
			name = "[CP] Embed Pods Frameworks";
			outputPaths = (
				"${TARGET_BUILD_DIR}/${FRAMEWORKS_FOLDER_PATH}/GTMSessionFetcher.framework",
				"${TARGET_BUILD_DIR}/${FRAMEWORKS_FOLDER_PATH}/GoogleToolboxForMac.framework",
				"${TARGET_BUILD_DIR}/${FRAMEWORKS_FOLDER_PATH}/leveldb.framework",
				"${TARGET_BUILD_DIR}/${FRAMEWORKS_FOLDER_PATH}/nanopb.framework",
			);
			runOnlyForDeploymentPostprocessing = 0;
			shellPath = /bin/sh;
			shellScript = "\"${SRCROOT}/Pods/Target Support Files/Pods-RestaurantRoullette/Pods-RestaurantRoullette-frameworks.sh\"\n";
			showEnvVarsInLog = 0;
		};
/* End PBXShellScriptBuildPhase section */

/* Begin PBXSourcesBuildPhase section */
		CB7DB56F1FA55911009061E2 /* Sources */ = {
			isa = PBXSourcesBuildPhase;
			buildActionMask = 2147483647;
			files = (
				CB7DB5791FA55911009061E2 /* ViewController.swift in Sources */,
				CB7DB57F1FA55911009061E2 /* RestaurantRoullette.xcdatamodeld in Sources */,
				CB7DB5771FA55911009061E2 /* AppDelegate.swift in Sources */,
				830DB6F11FA7B77300B19899 /* LoginViewController.swift in Sources */,
				830DB6EE1FA7AE9800B19899 /* AccountCreationViewController.swift in Sources */,
				830DB6F31FA8026400B19899 /* HomeViewController.swift in Sources */,
			);
			runOnlyForDeploymentPostprocessing = 0;
		};
/* End PBXSourcesBuildPhase section */

/* Begin PBXVariantGroup section */
		CB7DB57A1FA55911009061E2 /* Main.storyboard */ = {
			isa = PBXVariantGroup;
			children = (
				CB7DB57B1FA55911009061E2 /* Base */,
			);
			name = Main.storyboard;
			sourceTree = "<group>";
		};
		CB7DB5821FA55911009061E2 /* LaunchScreen.storyboard */ = {
			isa = PBXVariantGroup;
			children = (
				CB7DB5831FA55911009061E2 /* Base */,
			);
			name = LaunchScreen.storyboard;
			sourceTree = "<group>";
		};
/* End PBXVariantGroup section */

/* Begin XCBuildConfiguration section */
		CB7DB5861FA55911009061E2 /* Debug */ = {
			isa = XCBuildConfiguration;
			buildSettings = {
				ALWAYS_SEARCH_USER_PATHS = NO;
				CLANG_ANALYZER_NONNULL = YES;
				CLANG_ANALYZER_NUMBER_OBJECT_CONVERSION = YES_AGGRESSIVE;
				CLANG_CXX_LANGUAGE_STANDARD = "gnu++14";
				CLANG_CXX_LIBRARY = "libc++";
				CLANG_ENABLE_MODULES = YES;
				CLANG_ENABLE_OBJC_ARC = YES;
				CLANG_WARN_BLOCK_CAPTURE_AUTORELEASING = YES;
				CLANG_WARN_BOOL_CONVERSION = YES;
				CLANG_WARN_COMMA = YES;
				CLANG_WARN_CONSTANT_CONVERSION = YES;
				CLANG_WARN_DIRECT_OBJC_ISA_USAGE = YES_ERROR;
				CLANG_WARN_DOCUMENTATION_COMMENTS = YES;
				CLANG_WARN_EMPTY_BODY = YES;
				CLANG_WARN_ENUM_CONVERSION = YES;
				CLANG_WARN_INFINITE_RECURSION = YES;
				CLANG_WARN_INT_CONVERSION = YES;
				CLANG_WARN_NON_LITERAL_NULL_CONVERSION = YES;
				CLANG_WARN_OBJC_LITERAL_CONVERSION = YES;
				CLANG_WARN_OBJC_ROOT_CLASS = YES_ERROR;
				CLANG_WARN_RANGE_LOOP_ANALYSIS = YES;
				CLANG_WARN_STRICT_PROTOTYPES = YES;
				CLANG_WARN_SUSPICIOUS_MOVE = YES;
				CLANG_WARN_UNGUARDED_AVAILABILITY = YES_AGGRESSIVE;
				CLANG_WARN_UNREACHABLE_CODE = YES;
				CLANG_WARN__DUPLICATE_METHOD_MATCH = YES;
				CODE_SIGN_IDENTITY = "iPhone Developer";
				COPY_PHASE_STRIP = NO;
				DEBUG_INFORMATION_FORMAT = dwarf;
				ENABLE_STRICT_OBJC_MSGSEND = YES;
				ENABLE_TESTABILITY = YES;
				GCC_C_LANGUAGE_STANDARD = gnu11;
				GCC_DYNAMIC_NO_PIC = NO;
				GCC_NO_COMMON_BLOCKS = YES;
				GCC_OPTIMIZATION_LEVEL = 0;
				GCC_PREPROCESSOR_DEFINITIONS = (
					"DEBUG=1",
					"$(inherited)",
				);
				GCC_WARN_64_TO_32_BIT_CONVERSION = YES;
				GCC_WARN_ABOUT_RETURN_TYPE = YES_ERROR;
				GCC_WARN_UNDECLARED_SELECTOR = YES;
				GCC_WARN_UNINITIALIZED_AUTOS = YES_AGGRESSIVE;
				GCC_WARN_UNUSED_FUNCTION = YES;
				GCC_WARN_UNUSED_VARIABLE = YES;
				IPHONEOS_DEPLOYMENT_TARGET = 11.0;
				MTL_ENABLE_DEBUG_INFO = YES;
				ONLY_ACTIVE_ARCH = YES;
				SDKROOT = iphoneos;
				SWIFT_ACTIVE_COMPILATION_CONDITIONS = DEBUG;
				SWIFT_OPTIMIZATION_LEVEL = "-Onone";
			};
			name = Debug;
		};
		CB7DB5871FA55911009061E2 /* Release */ = {
			isa = XCBuildConfiguration;
			buildSettings = {
				ALWAYS_SEARCH_USER_PATHS = NO;
				CLANG_ANALYZER_NONNULL = YES;
				CLANG_ANALYZER_NUMBER_OBJECT_CONVERSION = YES_AGGRESSIVE;
				CLANG_CXX_LANGUAGE_STANDARD = "gnu++14";
				CLANG_CXX_LIBRARY = "libc++";
				CLANG_ENABLE_MODULES = YES;
				CLANG_ENABLE_OBJC_ARC = YES;
				CLANG_WARN_BLOCK_CAPTURE_AUTORELEASING = YES;
				CLANG_WARN_BOOL_CONVERSION = YES;
				CLANG_WARN_COMMA = YES;
				CLANG_WARN_CONSTANT_CONVERSION = YES;
				CLANG_WARN_DIRECT_OBJC_ISA_USAGE = YES_ERROR;
				CLANG_WARN_DOCUMENTATION_COMMENTS = YES;
				CLANG_WARN_EMPTY_BODY = YES;
				CLANG_WARN_ENUM_CONVERSION = YES;
				CLANG_WARN_INFINITE_RECURSION = YES;
				CLANG_WARN_INT_CONVERSION = YES;
				CLANG_WARN_NON_LITERAL_NULL_CONVERSION = YES;
				CLANG_WARN_OBJC_LITERAL_CONVERSION = YES;
				CLANG_WARN_OBJC_ROOT_CLASS = YES_ERROR;
				CLANG_WARN_RANGE_LOOP_ANALYSIS = YES;
				CLANG_WARN_STRICT_PROTOTYPES = YES;
				CLANG_WARN_SUSPICIOUS_MOVE = YES;
				CLANG_WARN_UNGUARDED_AVAILABILITY = YES_AGGRESSIVE;
				CLANG_WARN_UNREACHABLE_CODE = YES;
				CLANG_WARN__DUPLICATE_METHOD_MATCH = YES;
				CODE_SIGN_IDENTITY = "iPhone Developer";
				COPY_PHASE_STRIP = NO;
				DEBUG_INFORMATION_FORMAT = "dwarf-with-dsym";
				ENABLE_NS_ASSERTIONS = NO;
				ENABLE_STRICT_OBJC_MSGSEND = YES;
				GCC_C_LANGUAGE_STANDARD = gnu11;
				GCC_NO_COMMON_BLOCKS = YES;
				GCC_WARN_64_TO_32_BIT_CONVERSION = YES;
				GCC_WARN_ABOUT_RETURN_TYPE = YES_ERROR;
				GCC_WARN_UNDECLARED_SELECTOR = YES;
				GCC_WARN_UNINITIALIZED_AUTOS = YES_AGGRESSIVE;
				GCC_WARN_UNUSED_FUNCTION = YES;
				GCC_WARN_UNUSED_VARIABLE = YES;
				IPHONEOS_DEPLOYMENT_TARGET = 11.0;
				MTL_ENABLE_DEBUG_INFO = NO;
				SDKROOT = iphoneos;
				SWIFT_OPTIMIZATION_LEVEL = "-Owholemodule";
				VALIDATE_PRODUCT = YES;
			};
			name = Release;
		};
		CB7DB5891FA55911009061E2 /* Debug */ = {
			isa = XCBuildConfiguration;
			baseConfigurationReference = 54D2BEA65C6700C332DCD693 /* Pods-RestaurantRoullette.debug.xcconfig */;
			buildSettings = {
				ASSETCATALOG_COMPILER_APPICON_NAME = AppIcon;
				CODE_SIGN_STYLE = Automatic;
				INFOPLIST_FILE = RestaurantRoullette/Info.plist;
				LD_RUNPATH_SEARCH_PATHS = "$(inherited) @executable_path/Frameworks";
				PRODUCT_BUNDLE_IDENTIFIER = com.cs378.RestaurantRoullette;
				PRODUCT_NAME = "$(TARGET_NAME)";
				SWIFT_VERSION = 4.0;
				TARGETED_DEVICE_FAMILY = "1,2";
			};
			name = Debug;
		};
		CB7DB58A1FA55911009061E2 /* Release */ = {
			isa = XCBuildConfiguration;
			baseConfigurationReference = 023BE3A1D79CA11D07B4672A /* Pods-RestaurantRoullette.release.xcconfig */;
			buildSettings = {
				ASSETCATALOG_COMPILER_APPICON_NAME = AppIcon;
				CODE_SIGN_STYLE = Automatic;
				INFOPLIST_FILE = RestaurantRoullette/Info.plist;
				LD_RUNPATH_SEARCH_PATHS = "$(inherited) @executable_path/Frameworks";
				PRODUCT_BUNDLE_IDENTIFIER = com.cs378.RestaurantRoullette;
				PRODUCT_NAME = "$(TARGET_NAME)";
				SWIFT_VERSION = 4.0;
				TARGETED_DEVICE_FAMILY = "1,2";
			};
			name = Release;
		};
/* End XCBuildConfiguration section */

/* Begin XCConfigurationList section */
		CB7DB56E1FA55911009061E2 /* Build configuration list for PBXProject "RestaurantRoullette" */ = {
			isa = XCConfigurationList;
			buildConfigurations = (
				CB7DB5861FA55911009061E2 /* Debug */,
				CB7DB5871FA55911009061E2 /* Release */,
			);
			defaultConfigurationIsVisible = 0;
			defaultConfigurationName = Release;
		};
		CB7DB5881FA55911009061E2 /* Build configuration list for PBXNativeTarget "RestaurantRoullette" */ = {
			isa = XCConfigurationList;
			buildConfigurations = (
				CB7DB5891FA55911009061E2 /* Debug */,
				CB7DB58A1FA55911009061E2 /* Release */,
			);
			defaultConfigurationIsVisible = 0;
			defaultConfigurationName = Release;
		};
/* End XCConfigurationList section */

/* Begin XCVersionGroup section */
		CB7DB57D1FA55911009061E2 /* RestaurantRoullette.xcdatamodeld */ = {
			isa = XCVersionGroup;
			children = (
				CB7DB57E1FA55911009061E2 /* RestaurantRoullette.xcdatamodel */,
			);
			currentVersion = CB7DB57E1FA55911009061E2 /* RestaurantRoullette.xcdatamodel */;
			path = RestaurantRoullette.xcdatamodeld;
			sourceTree = "<group>";
			versionGroupType = wrapper.xcdatamodel;
		};
/* End XCVersionGroup section */
	};
	rootObject = CB7DB56B1FA55911009061E2 /* Project object */;
}
